
Microsoft Visual Studio Solution File, Format Version 12.00
# Visual Studio Version 16
VisualStudioVersion = 16.0.30907.101
MinimumVisualStudioVersion = 10.0.40219.1
Project("{FAE04EC0-301F-11D3-BF4B-00C04F79EFBC}") = "my-books", "my-books\my-books.csproj", "{A3365580-7A28-4E00-906C-717B687123B9}"
EndProject
Global
	GlobalSection(SolutionConfigurationPlatforms) = preSolution
		Debug|Any CPU = Debug|Any CPU
		Release|Any CPU = Release|Any CPU
	EndGlobalSection
	GlobalSection(ProjectConfigurationPlatforms) = postSolution
		{A3365580-7A28-4E00-906C-717B687123B9}.Debug|Any CPU.ActiveCfg = Debug|Any CPU
		{A3365580-7A28-4E00-906C-717B687123B9}.Debug|Any CPU.Build.0 = Debug|Any CPU
		{A3365580-7A28-4E00-906C-717B687123B9}.Release|Any CPU.ActiveCfg = Release|Any CPU
		{A3365580-7A28-4E00-906C-717B687123B9}.Release|Any CPU.Build.0 = Release|Any CPU
	EndGlobalSection
	GlobalSection(SolutionProperties) = preSolution
		HideSolutionNode = FALSE
	EndGlobalSection
	GlobalSection(ExtensibilityGlobals) = postSolution
		SolutionGuid = {B07E58C8-81B8-491B-AE2E-11AA94FAF4A8}
	EndGlobalSection
EndGlobal
